
Microsoft Visual Studio Solution File, Format Version 12.00
# Visual Studio Version 17
VisualStudioVersion = 17.1.32319.34
MinimumVisualStudioVersion = 10.0.40219.1
Project("{FAE04EC0-301F-11D3-BF4B-00C04F79EFBC}") = "E1C2 Validador de rangos", "E1C2 Validador de rangos.csproj", "{7663DB0D-8764-41D6-BA12-C1394A6DC5F3}"
EndProject
Global
	GlobalSection(SolutionConfigurationPlatforms) = preSolution
		Debug|Any CPU = Debug|Any CPU
		Release|Any CPU = Release|Any CPU
	EndGlobalSection
	GlobalSection(ProjectConfigurationPlatforms) = postSolution
		{7663DB0D-8764-41D6-BA12-C1394A6DC5F3}.Debug|Any CPU.ActiveCfg = Debug|Any CPU
		{7663DB0D-8764-41D6-BA12-C1394A6DC5F3}.Debug|Any CPU.Build.0 = Debug|Any CPU
		{7663DB0D-8764-41D6-BA12-C1394A6DC5F3}.Release|Any CPU.ActiveCfg = Release|Any CPU
		{7663DB0D-8764-41D6-BA12-C1394A6DC5F3}.Release|Any CPU.Build.0 = Release|Any CPU
	EndGlobalSection
	GlobalSection(SolutionProperties) = preSolution
		HideSolutionNode = FALSE
	EndGlobalSection
	GlobalSection(ExtensibilityGlobals) = postSolution
		SolutionGuid = {77FB29A6-EFF7-485F-87B1-493BC9F1D440}
	EndGlobalSection
EndGlobal
