
Microsoft Visual Studio Solution File, Format Version 12.00
# Visual Studio Version 17
VisualStudioVersion = 17.1.32319.34
MinimumVisualStudioVersion = 10.0.40219.1
Project("{FAE04EC0-301F-11D3-BF4B-00C04F79EFBC}") = "Ejercicio Integrador 1", "Ejercicio Integrador 1.csproj", "{ACEBDB56-ACE1-4960-AF2A-3579453B08C3}"
EndProject
Project("{FAE04EC0-301F-11D3-BF4B-00C04F79EFBC}") = "Main", "..\Main\Main.csproj", "{4359DE7E-58D7-43DB-B8B3-A3DFD04CC467}"
EndProject
Global
	GlobalSection(SolutionConfigurationPlatforms) = preSolution
		Debug|Any CPU = Debug|Any CPU
		Release|Any CPU = Release|Any CPU
	EndGlobalSection
	GlobalSection(ProjectConfigurationPlatforms) = postSolution
		{ACEBDB56-ACE1-4960-AF2A-3579453B08C3}.Debug|Any CPU.ActiveCfg = Debug|Any CPU
		{ACEBDB56-ACE1-4960-AF2A-3579453B08C3}.Debug|Any CPU.Build.0 = Debug|Any CPU
		{ACEBDB56-ACE1-4960-AF2A-3579453B08C3}.Release|Any CPU.ActiveCfg = Release|Any CPU
		{ACEBDB56-ACE1-4960-AF2A-3579453B08C3}.Release|Any CPU.Build.0 = Release|Any CPU
		{4359DE7E-58D7-43DB-B8B3-A3DFD04CC467}.Debug|Any CPU.ActiveCfg = Debug|Any CPU
		{4359DE7E-58D7-43DB-B8B3-A3DFD04CC467}.Debug|Any CPU.Build.0 = Debug|Any CPU
		{4359DE7E-58D7-43DB-B8B3-A3DFD04CC467}.Release|Any CPU.ActiveCfg = Release|Any CPU
		{4359DE7E-58D7-43DB-B8B3-A3DFD04CC467}.Release|Any CPU.Build.0 = Release|Any CPU
	EndGlobalSection
	GlobalSection(SolutionProperties) = preSolution
		HideSolutionNode = FALSE
	EndGlobalSection
	GlobalSection(ExtensibilityGlobals) = postSolution
		SolutionGuid = {F23D52D7-3185-4955-B742-04C69CF9549C}
	EndGlobalSection
EndGlobal
