
Microsoft Visual Studio Solution File, Format Version 12.00
# Visual Studio Version 17
VisualStudioVersion = 17.1.32319.34
MinimumVisualStudioVersion = 10.0.40219.1
Project("{FAE04EC0-301F-11D3-BF4B-00C04F79EFBC}") = "E1C4 Sumador", "E1C4 Sumador.csproj", "{343749DD-F48E-4462-99D2-4075BA43264E}"
EndProject
Project("{FAE04EC0-301F-11D3-BF4B-00C04F79EFBC}") = "Biblioteca", "..\Biblioteca\Biblioteca.csproj", "{14DC03EA-5F45-4314-BC5B-7C5CC9C625C9}"
EndProject
Global
	GlobalSection(SolutionConfigurationPlatforms) = preSolution
		Debug|Any CPU = Debug|Any CPU
		Release|Any CPU = Release|Any CPU
	EndGlobalSection
	GlobalSection(ProjectConfigurationPlatforms) = postSolution
		{343749DD-F48E-4462-99D2-4075BA43264E}.Debug|Any CPU.ActiveCfg = Debug|Any CPU
		{343749DD-F48E-4462-99D2-4075BA43264E}.Debug|Any CPU.Build.0 = Debug|Any CPU
		{343749DD-F48E-4462-99D2-4075BA43264E}.Release|Any CPU.ActiveCfg = Release|Any CPU
		{343749DD-F48E-4462-99D2-4075BA43264E}.Release|Any CPU.Build.0 = Release|Any CPU
		{14DC03EA-5F45-4314-BC5B-7C5CC9C625C9}.Debug|Any CPU.ActiveCfg = Debug|Any CPU
		{14DC03EA-5F45-4314-BC5B-7C5CC9C625C9}.Debug|Any CPU.Build.0 = Debug|Any CPU
		{14DC03EA-5F45-4314-BC5B-7C5CC9C625C9}.Release|Any CPU.ActiveCfg = Release|Any CPU
		{14DC03EA-5F45-4314-BC5B-7C5CC9C625C9}.Release|Any CPU.Build.0 = Release|Any CPU
	EndGlobalSection
	GlobalSection(SolutionProperties) = preSolution
		HideSolutionNode = FALSE
	EndGlobalSection
	GlobalSection(ExtensibilityGlobals) = postSolution
		SolutionGuid = {D1C00EB9-3366-45E2-8C39-4FDDC9AFFFF3}
	EndGlobalSection
EndGlobal
