
Microsoft Visual Studio Solution File, Format Version 12.00
# Visual Studio Version 17
VisualStudioVersion = 17.1.32319.34
MinimumVisualStudioVersion = 10.0.40219.1
Project("{FAE04EC0-301F-11D3-BF4B-00C04F79EFBC}") = "E4C1 Un numero perfecto", "E4C1 Un numero perfecto.csproj", "{C20DDAC9-564C-4878-91D8-B8BA4F991318}"
EndProject
Global
	GlobalSection(SolutionConfigurationPlatforms) = preSolution
		Debug|Any CPU = Debug|Any CPU
		Release|Any CPU = Release|Any CPU
	EndGlobalSection
	GlobalSection(ProjectConfigurationPlatforms) = postSolution
		{C20DDAC9-564C-4878-91D8-B8BA4F991318}.Debug|Any CPU.ActiveCfg = Debug|Any CPU
		{C20DDAC9-564C-4878-91D8-B8BA4F991318}.Debug|Any CPU.Build.0 = Debug|Any CPU
		{C20DDAC9-564C-4878-91D8-B8BA4F991318}.Release|Any CPU.ActiveCfg = Release|Any CPU
		{C20DDAC9-564C-4878-91D8-B8BA4F991318}.Release|Any CPU.Build.0 = Release|Any CPU
	EndGlobalSection
	GlobalSection(SolutionProperties) = preSolution
		HideSolutionNode = FALSE
	EndGlobalSection
	GlobalSection(ExtensibilityGlobals) = postSolution
		SolutionGuid = {C1C57C4C-1F2B-42F6-93E9-DC0DBE14A7ED}
	EndGlobalSection
EndGlobal
