
Microsoft Visual Studio Solution File, Format Version 12.00
# Visual Studio Version 17
VisualStudioVersion = 17.1.32319.34
MinimumVisualStudioVersion = 10.0.40219.1
Project("{FAE04EC0-301F-11D3-BF4B-00C04F79EFBC}") = "E8C1 Dibujando un triangulo rectangulo", "E8C1 Dibujando un triangulo rectangulo.csproj", "{FE5817B5-1A48-4074-8E9D-6CD85607A009}"
EndProject
Global
	GlobalSection(SolutionConfigurationPlatforms) = preSolution
		Debug|Any CPU = Debug|Any CPU
		Release|Any CPU = Release|Any CPU
	EndGlobalSection
	GlobalSection(ProjectConfigurationPlatforms) = postSolution
		{FE5817B5-1A48-4074-8E9D-6CD85607A009}.Debug|Any CPU.ActiveCfg = Debug|Any CPU
		{FE5817B5-1A48-4074-8E9D-6CD85607A009}.Debug|Any CPU.Build.0 = Debug|Any CPU
		{FE5817B5-1A48-4074-8E9D-6CD85607A009}.Release|Any CPU.ActiveCfg = Release|Any CPU
		{FE5817B5-1A48-4074-8E9D-6CD85607A009}.Release|Any CPU.Build.0 = Release|Any CPU
	EndGlobalSection
	GlobalSection(SolutionProperties) = preSolution
		HideSolutionNode = FALSE
	EndGlobalSection
	GlobalSection(ExtensibilityGlobals) = postSolution
		SolutionGuid = {E70EB6AC-14AB-4987-9A78-E99DF005FFAB}
	EndGlobalSection
EndGlobal
