
Microsoft Visual Studio Solution File, Format Version 12.00
# Visual Studio Version 17
VisualStudioVersion = 17.1.32319.34
MinimumVisualStudioVersion = 10.0.40219.1
Project("{FAE04EC0-301F-11D3-BF4B-00C04F79EFBC}") = "E7C1 Recibo de sueldo", "E7C1 Recibo de sueldo.csproj", "{2F56452B-A10B-4256-BEA1-8AD5DA2ADDF9}"
EndProject
Global
	GlobalSection(SolutionConfigurationPlatforms) = preSolution
		Debug|Any CPU = Debug|Any CPU
		Release|Any CPU = Release|Any CPU
	EndGlobalSection
	GlobalSection(ProjectConfigurationPlatforms) = postSolution
		{2F56452B-A10B-4256-BEA1-8AD5DA2ADDF9}.Debug|Any CPU.ActiveCfg = Debug|Any CPU
		{2F56452B-A10B-4256-BEA1-8AD5DA2ADDF9}.Debug|Any CPU.Build.0 = Debug|Any CPU
		{2F56452B-A10B-4256-BEA1-8AD5DA2ADDF9}.Release|Any CPU.ActiveCfg = Release|Any CPU
		{2F56452B-A10B-4256-BEA1-8AD5DA2ADDF9}.Release|Any CPU.Build.0 = Release|Any CPU
	EndGlobalSection
	GlobalSection(SolutionProperties) = preSolution
		HideSolutionNode = FALSE
	EndGlobalSection
	GlobalSection(ExtensibilityGlobals) = postSolution
		SolutionGuid = {3C04440E-3A20-4EAF-AF51-37E22B8DE1B6}
	EndGlobalSection
EndGlobal
